schema: '2.0'
stages:
  prepare:
    cmd: python src/prepare.py
    deps:
    - path: src/prepare.py
      hash: md5
      md5: 69eb905179e6da241b628668598d23d2
      size: 311
    outs:
    - path: data/raw
      hash: md5
      md5: ef4a9fac2897e2992768d71dd539610a.dir
      size: 30869925
      nfiles: 1
  preprocess:
    cmd: python src/preprocess.py
    deps:
    - path: data/raw
      hash: md5
      md5: ef4a9fac2897e2992768d71dd539610a.dir
      size: 30869925
      nfiles: 1
    - path: src/preprocess.py
      hash: md5
      md5: 539ac49aa8888d816aaf0da7b81f9f74
      size: 1314
    params:
      params.yaml:
        preprocess.seed: 42
        preprocess.test_size: 0.1
    outs:
    - path: data/processed
      hash: md5
      md5: 681fa39d8c7ad6bc845c26951427b4b3.dir
      size: 47160963
      nfiles: 1
  train:
    cmd: python src/train.py
    deps:
    - path: data/processed
      hash: md5
      md5: 681fa39d8c7ad6bc845c26951427b4b3.dir
      size: 47160963
      nfiles: 1
    - path: src/train.py
      hash: md5
      md5: 83d20e51d0fa5292e644360bdfbca1fe
      size: 837
    params:
      params.yaml:
        train.batch_size: 64
        train.dense_units: 256
        train.dropout_rate: 0.2
        train.epochs: 10
        train.learning_rate: 0.001
        train.seed: 42
    outs:
    - path: models
      hash: md5
      md5: db864643659c9816ee2330f83153fec4.dir
      size: 2467710
      nfiles: 2
  evaluate:
    cmd: python src/evaluate.py
    deps:
    - path: data/processed
      hash: md5
      md5: 681fa39d8c7ad6bc845c26951427b4b3.dir
      size: 47160963
      nfiles: 1
    - path: models/model.h5
      hash: md5
      md5: 7515d971e1cda5081b044a3302494f54
      size: 2466904
    - path: src/evaluate.py
      hash: md5
      md5: 16a3f5df3a72b6284d558e551756d565
      size: 651
    outs:
    - path: evaluation/confusion_matrix.png
      hash: md5
      md5: ff6b68e4781b21bfa299944d722ed1cc
      size: 46131
    - path: metrics.json
      hash: md5
      md5: 4b1bfe9cb703312b7e4d311ea4bde7c3
      size: 80
